// !$*UTF8*$!
{
	archiveVersion = 1;
	classes = {
	};
	objectVersion = 46;
	objects = {

/* Begin PBXBuildFile section */
		6CBFBF011AAA036E000332B0 /* AppDelegate.swift in Sources */ = {isa = PBXBuildFile; fileRef = 6CBFBF001AAA036E000332B0 /* AppDelegate.swift */; };
		6CBFBF031AAA036E000332B0 /* ViewController.swift in Sources */ = {isa = PBXBuildFile; fileRef = 6CBFBF021AAA036E000332B0 /* ViewController.swift */; };
		6CBFBF061AAA036E000332B0 /* Main.storyboard in Resources */ = {isa = PBXBuildFile; fileRef = 6CBFBF041AAA036E000332B0 /* Main.storyboard */; };
		6CBFBF081AAA036E000332B0 /* Images.xcassets in Resources */ = {isa = PBXBuildFile; fileRef = 6CBFBF071AAA036E000332B0 /* Images.xcassets */; };
		6CBFBF0B1AAA036E000332B0 /* LaunchScreen.xib in Resources */ = {isa = PBXBuildFile; fileRef = 6CBFBF091AAA036E000332B0 /* LaunchScreen.xib */; };
		6CBFBF171AAA036E000332B0 /* CoreBluetoothBasicScannerTests.swift in Sources */ = {isa = PBXBuildFile; fileRef = 6CBFBF161AAA036E000332B0 /* CoreBluetoothBasicScannerTests.swift */; };
/* End PBXBuildFile section */

/* Begin PBXContainerItemProxy section */
		6CBFBF111AAA036E000332B0 /* PBXContainerItemProxy */ = {
			isa = PBXContainerItemProxy;
			containerPortal = 6CBFBEF31AAA036E000332B0 /* Project object */;
			proxyType = 1;
			remoteGlobalIDString = 6CBFBEFA1AAA036E000332B0;
			remoteInfo = CoreBluetoothBasicScanner;
		};
/* End PBXContainerItemProxy section */

/* Begin PBXFileReference section */
		6CBFBEFB1AAA036E000332B0 /* CoreBluetoothBasicScanner.app */ = {isa = PBXFileReference; explicitFileType = wrapper.application; includeInIndex = 0; path = CoreBluetoothBasicScanner.app; sourceTree = BUILT_PRODUCTS_DIR; };
		6CBFBEFF1AAA036E000332B0 /* Info.plist */ = {isa = PBXFileReference; lastKnownFileType = text.plist.xml; path = Info.plist; sourceTree = "<group>"; };
		6CBFBF001AAA036E000332B0 /* AppDelegate.swift */ = {isa = PBXFileReference; lastKnownFileType = sourcecode.swift; path = AppDelegate.swift; sourceTree = "<group>"; };
		6CBFBF021AAA036E000332B0 /* ViewController.swift */ = {isa = PBXFileReference; lastKnownFileType = sourcecode.swift; path = ViewController.swift; sourceTree = "<group>"; };
		6CBFBF051AAA036E000332B0 /* Base */ = {isa = PBXFileReference; lastKnownFileType = file.storyboard; name = Base; path = Base.lproj/Main.storyboard; sourceTree = "<group>"; };
		6CBFBF071AAA036E000332B0 /* Images.xcassets */ = {isa = PBXFileReference; lastKnownFileType = folder.assetcatalog; path = Images.xcassets; sourceTree = "<group>"; };
		6CBFBF0A1AAA036E000332B0 /* Base */ = {isa = PBXFileReference; lastKnownFileType = file.xib; name = Base; path = Base.lproj/LaunchScreen.xib; sourceTree = "<group>"; };
		6CBFBF101AAA036E000332B0 /* CoreBluetoothBasicScannerTests.xctest */ = {isa = PBXFileReference; explicitFileType = wrapper.cfbundle; includeInIndex = 0; path = CoreBluetoothBasicScannerTests.xctest; sourceTree = BUILT_PRODUCTS_DIR; };
		6CBFBF151AAA036E000332B0 /* Info.plist */ = {isa = PBXFileReference; lastKnownFileType = text.plist.xml; path = Info.plist; sourceTree = "<group>"; };
		6CBFBF161AAA036E000332B0 /* CoreBluetoothBasicScannerTests.swift */ = {isa = PBXFileReference; lastKnownFileType = sourcecode.swift; path = CoreBluetoothBasicScannerTests.swift; sourceTree = "<group>"; };
/* End PBXFileReference section */

/* Begin PBXFrameworksBuildPhase section */
		6CBFBEF81AAA036E000332B0 /* Frameworks */ = {
			isa = PBXFrameworksBuildPhase;
			buildActionMask = 2147483647;
			files = (
			);
			runOnlyForDeploymentPostprocessing = 0;
		};
		6CBFBF0D1AAA036E000332B0 /* Frameworks */ = {
			isa = PBXFrameworksBuildPhase;
			buildActionMask = 2147483647;
			files = (
			);
			runOnlyForDeploymentPostprocessing = 0;
		};
/* End PBXFrameworksBuildPhase section */

/* Begin PBXGroup section */
		6CBFBEF21AAA036E000332B0 = {
			isa = PBXGroup;
			children = (
				6CBFBEFD1AAA036E000332B0 /* CoreBluetoothBasicScanner */,
				6CBFBF131AAA036E000332B0 /* CoreBluetoothBasicScannerTests */,
				6CBFBEFC1AAA036E000332B0 /* Products */,
			);
			sourceTree = "<group>";
		};
		6CBFBEFC1AAA036E000332B0 /* Products */ = {
			isa = PBXGroup;
			children = (
				6CBFBEFB1AAA036E000332B0 /* CoreBluetoothBasicScanner.app */,
				6CBFBF101AAA036E000332B0 /* CoreBluetoothBasicScannerTests.xctest */,
			);
			name = Products;
			sourceTree = "<group>";
		};
		6CBFBEFD1AAA036E000332B0 /* CoreBluetoothBasicScanner */ = {
			isa = PBXGroup;
			children = (
				6CBFBF001AAA036E000332B0 /* AppDelegate.swift */,
				6CBFBF021AAA036E000332B0 /* ViewController.swift */,
				6CBFBF041AAA036E000332B0 /* Main.storyboard */,
				6CBFBF071AAA036E000332B0 /* Images.xcassets */,
				6CBFBF091AAA036E000332B0 /* LaunchScreen.xib */,
				6CBFBEFE1AAA036E000332B0 /* Supporting Files */,
			);
			path = CoreBluetoothBasicScanner;
			sourceTree = "<group>";
		};
		6CBFBEFE1AAA036E000332B0 /* Supporting Files */ = {
			isa = PBXGroup;
			children = (
				6CBFBEFF1AAA036E000332B0 /* Info.plist */,
			);
			name = "Supporting Files";
			sourceTree = "<group>";
		};
		6CBFBF131AAA036E000332B0 /* CoreBluetoothBasicScannerTests */ = {
			isa = PBXGroup;
			children = (
				6CBFBF161AAA036E000332B0 /* CoreBluetoothBasicScannerTests.swift */,
				6CBFBF141AAA036E000332B0 /* Supporting Files */,
			);
			path = CoreBluetoothBasicScannerTests;
			sourceTree = "<group>";
		};
		6CBFBF141AAA036E000332B0 /* Supporting Files */ = {
			isa = PBXGroup;
			children = (
				6CBFBF151AAA036E000332B0 /* Info.plist */,
			);
			name = "Supporting Files";
			sourceTree = "<group>";
		};
/* End PBXGroup section */

/* Begin PBXNativeTarget section */
		6CBFBEFA1AAA036E000332B0 /* CoreBluetoothBasicScanner */ = {
			isa = PBXNativeTarget;
			buildConfigurationList = 6CBFBF1A1AAA036E000332B0 /* Build configuration list for PBXNativeTarget "CoreBluetoothBasicScanner" */;
			buildPhases = (
				6CBFBEF71AAA036E000332B0 /* Sources */,
				6CBFBEF81AAA036E000332B0 /* Frameworks */,
				6CBFBEF91AAA036E000332B0 /* Resources */,
			);
			buildRules = (
			);
			dependencies = (
			);
			name = CoreBluetoothBasicScanner;
			productName = CoreBluetoothBasicScanner;
			productReference = 6CBFBEFB1AAA036E000332B0 /* CoreBluetoothBasicScanner.app */;
			productType = "com.apple.product-type.application";
		};
		6CBFBF0F1AAA036E000332B0 /* CoreBluetoothBasicScannerTests */ = {
			isa = PBXNativeTarget;
			buildConfigurationList = 6CBFBF1D1AAA036E000332B0 /* Build configuration list for PBXNativeTarget "CoreBluetoothBasicScannerTests" */;
			buildPhases = (
				6CBFBF0C1AAA036E000332B0 /* Sources */,
				6CBFBF0D1AAA036E000332B0 /* Frameworks */,
				6CBFBF0E1AAA036E000332B0 /* Resources */,
			);
			buildRules = (
			);
			dependencies = (
				6CBFBF121AAA036E000332B0 /* PBXTargetDependency */,
			);
			name = CoreBluetoothBasicScannerTests;
			productName = CoreBluetoothBasicScannerTests;
			productReference = 6CBFBF101AAA036E000332B0 /* CoreBluetoothBasicScannerTests.xctest */;
			productType = "com.apple.product-type.bundle.unit-test";
		};
/* End PBXNativeTarget section */

/* Begin PBXProject section */
		6CBFBEF31AAA036E000332B0 /* Project object */ = {
			isa = PBXProject;
			attributes = {
				LastUpgradeCheck = 0610;
				ORGANIZATIONNAME = yuryg;
				TargetAttributes = {
					6CBFBEFA1AAA036E000332B0 = {
						CreatedOnToolsVersion = 6.1.1;
					};
					6CBFBF0F1AAA036E000332B0 = {
						CreatedOnToolsVersion = 6.1.1;
						TestTargetID = 6CBFBEFA1AAA036E000332B0;
					};
				};
			};
			buildConfigurationList = 6CBFBEF61AAA036E000332B0 /* Build configuration list for PBXProject "CoreBluetoothBasicScanner" */;
			compatibilityVersion = "Xcode 3.2";
			developmentRegion = English;
			hasScannedForEncodings = 0;
			knownRegions = (
				en,
				Base,
			);
			mainGroup = 6CBFBEF21AAA036E000332B0;
			productRefGroup = 6CBFBEFC1AAA036E000332B0 /* Products */;
			projectDirPath = "";
			projectRoot = "";
			targets = (
				6CBFBEFA1AAA036E000332B0 /* CoreBluetoothBasicScanner */,
				6CBFBF0F1AAA036E000332B0 /* CoreBluetoothBasicScannerTests */,
			);
		};
/* End PBXProject section */

/* Begin PBXResourcesBuildPhase section */
		6CBFBEF91AAA036E000332B0 /* Resources */ = {
			isa = PBXResourcesBuildPhase;
			buildActionMask = 2147483647;
			files = (
				6CBFBF061AAA036E000332B0 /* Main.storyboard in Resources */,
				6CBFBF0B1AAA036E000332B0 /* LaunchScreen.xib in Resources */,
				6CBFBF081AAA036E000332B0 /* Images.xcassets in Resources */,
			);
			runOnlyForDeploymentPostprocessing = 0;
		};
		6CBFBF0E1AAA036E000332B0 /* Resources */ = {
			isa = PBXResourcesBuildPhase;
			buildActionMask = 2147483647;
			files = (
			);
			runOnlyForDeploymentPostprocessing = 0;
		};
/* End PBXResourcesBuildPhase section */

/* Begin PBXSourcesBuildPhase section */
		6CBFBEF71AAA036E000332B0 /* Sources */ = {
			isa = PBXSourcesBuildPhase;
			buildActionMask = 2147483647;
			files = (
				6CBFBF031AAA036E000332B0 /* ViewController.swift in Sources */,
				6CBFBF011AAA036E000332B0 /* AppDelegate.swift in Sources */,
			);
			runOnlyForDeploymentPostprocessing = 0;
		};
		6CBFBF0C1AAA036E000332B0 /* Sources */ = {
			isa = PBXSourcesBuildPhase;
			buildActionMask = 2147483647;
			files = (
				6CBFBF171AAA036E000332B0 /* CoreBluetoothBasicScannerTests.swift in Sources */,
			);
			runOnlyForDeploymentPostprocessing = 0;
		};
/* End PBXSourcesBuildPhase section */

/* Begin PBXTargetDependency section */
		6CBFBF121AAA036E000332B0 /* PBXTargetDependency */ = {
			isa = PBXTargetDependency;
			target = 6CBFBEFA1AAA036E000332B0 /* CoreBluetoothBasicScanner */;
			targetProxy = 6CBFBF111AAA036E000332B0 /* PBXContainerItemProxy */;
		};
/* End PBXTargetDependency section */

/* Begin PBXVariantGroup section */
		6CBFBF041AAA036E000332B0 /* Main.storyboard */ = {
			isa = PBXVariantGroup;
			children = (
				6CBFBF051AAA036E000332B0 /* Base */,
			);
			name = Main.storyboard;
			sourceTree = "<group>";
		};
		6CBFBF091AAA036E000332B0 /* LaunchScreen.xib */ = {
			isa = PBXVariantGroup;
			children = (
				6CBFBF0A1AAA036E000332B0 /* Base */,
			);
			name = LaunchScreen.xib;
			sourceTree = "<group>";
		};
/* End PBXVariantGroup section */

/* Begin XCBuildConfiguration section */
		6CBFBF181AAA036E000332B0 /* Debug */ = {
			isa = XCBuildConfiguration;
			buildSettings = {
				ALWAYS_SEARCH_USER_PATHS = NO;
				CLANG_CXX_LANGUAGE_STANDARD = "gnu++0x";
				CLANG_CXX_LIBRARY = "libc++";
				CLANG_ENABLE_MODULES = YES;
				CLANG_ENABLE_OBJC_ARC = YES;
				CLANG_WARN_BOOL_CONVERSION = YES;
				CLANG_WARN_CONSTANT_CONVERSION = YES;
				CLANG_WARN_DIRECT_OBJC_ISA_USAGE = YES_ERROR;
				CLANG_WARN_EMPTY_BODY = YES;
				CLANG_WARN_ENUM_CONVERSION = YES;
				CLANG_WARN_INT_CONVERSION = YES;
				CLANG_WARN_OBJC_ROOT_CLASS = YES_ERROR;
				CLANG_WARN_UNREACHABLE_CODE = YES;
				CLANG_WARN__DUPLICATE_METHOD_MATCH = YES;
				"CODE_SIGN_IDENTITY[sdk=iphoneos*]" = "iPhone Developer";
				COPY_PHASE_STRIP = NO;
				ENABLE_STRICT_OBJC_MSGSEND = YES;
				GCC_C_LANGUAGE_STANDARD = gnu99;
				GCC_DYNAMIC_NO_PIC = NO;
				GCC_OPTIMIZATION_LEVEL = 0;
				GCC_PREPROCESSOR_DEFINITIONS = (
					"DEBUG=1",
					"$(inherited)",
				);
				GCC_SYMBOLS_PRIVATE_EXTERN = NO;
				GCC_WARN_64_TO_32_BIT_CONVERSION = YES;
				GCC_WARN_ABOUT_RETURN_TYPE = YES_ERROR;
				GCC_WARN_UNDECLARED_SELECTOR = YES;
				GCC_WARN_UNINITIALIZED_AUTOS = YES_AGGRESSIVE;
				GCC_WARN_UNUSED_FUNCTION = YES;
				GCC_WARN_UNUSED_VARIABLE = YES;
				IPHONEOS_DEPLOYMENT_TARGET = 8.1;
				MTL_ENABLE_DEBUG_INFO = YES;
				ONLY_ACTIVE_ARCH = YES;
				SDKROOT = iphoneos;
				SWIFT_OPTIMIZATION_LEVEL = "-Onone";
			};
			name = Debug;
		};
		6CBFBF191AAA036E000332B0 /* Release */ = {
			isa = XCBuildConfiguration;
			buildSettings = {
				ALWAYS_SEARCH_USER_PATHS = NO;
				CLANG_CXX_LANGUAGE_STANDARD = "gnu++0x";
				CLANG_CXX_LIBRARY = "libc++";
				CLANG_ENABLE_MODULES = YES;
				CLANG_ENABLE_OBJC_ARC = YES;
				CLANG_WARN_BOOL_CONVERSION = YES;
				CLANG_WARN_CONSTANT_CONVERSION = YES;
				CLANG_WARN_DIRECT_OBJC_ISA_USAGE = YES_ERROR;
				CLANG_WARN_EMPTY_BODY = YES;
				CLANG_WARN_ENUM_CONVERSION = YES;
				CLANG_WARN_INT_CONVERSION = YES;
				CLANG_WARN_OBJC_ROOT_CLASS = YES_ERROR;
				CLANG_WARN_UNREACHABLE_CODE = YES;
				CLANG_WARN__DUPLICATE_METHOD_MATCH = YES;
				"CODE_SIGN_IDENTITY[sdk=iphoneos*]" = "iPhone Developer";
				COPY_PHASE_STRIP = YES;
				ENABLE_NS_ASSERTIONS = NO;
				ENABLE_STRICT_OBJC_MSGSEND = YES;
				GCC_C_LANGUAGE_STANDARD = gnu99;
				GCC_WARN_64_TO_32_BIT_CONVERSION = YES;
				GCC_WARN_ABOUT_RETURN_TYPE = YES_ERROR;
				GCC_WARN_UNDECLARED_SELECTOR = YES;
				GCC_WARN_UNINITIALIZED_AUTOS = YES_AGGRESSIVE;
				GCC_WARN_UNUSED_FUNCTION = YES;
				GCC_WARN_UNUSED_VARIABLE = YES;
				IPHONEOS_DEPLOYMENT_TARGET = 8.1;
				MTL_ENABLE_DEBUG_INFO = NO;
				SDKROOT = iphoneos;
				VALIDATE_PRODUCT = YES;
			};
			name = Release;
		};
		6CBFBF1B1AAA036E000332B0 /* Debug */ = {
			isa = XCBuildConfiguration;
			buildSettings = {
				ASSETCATALOG_COMPILER_APPICON_NAME = AppIcon;
				INFOPLIST_FILE = CoreBluetoothBasicScanner/Info.plist;
				LD_RUNPATH_SEARCH_PATHS = "$(inherited) @executable_path/Frameworks";
				PRODUCT_NAME = "$(TARGET_NAME)";
			};
			name = Debug;
		};
		6CBFBF1C1AAA036E000332B0 /* Release */ = {
			isa = XCBuildConfiguration;
			buildSettings = {
				ASSETCATALOG_COMPILER_APPICON_NAME = AppIcon;
				INFOPLIST_FILE = CoreBluetoothBasicScanner/Info.plist;
				LD_RUNPATH_SEARCH_PATHS = "$(inherited) @executable_path/Frameworks";
				PRODUCT_NAME = "$(TARGET_NAME)";
			};
			name = Release;
		};
		6CBFBF1E1AAA036E000332B0 /* Debug */ = {
			isa = XCBuildConfiguration;
			buildSettings = {
				BUNDLE_LOADER = "$(TEST_HOST)";
				FRAMEWORK_SEARCH_PATHS = (
					"$(SDKROOT)/Developer/Library/Frameworks",
					"$(inherited)",
				);
				GCC_PREPROCESSOR_DEFINITIONS = (
					"DEBUG=1",
					"$(inherited)",
				);
				INFOPLIST_FILE = CoreBluetoothBasicScannerTests/Info.plist;
				LD_RUNPATH_SEARCH_PATHS = "$(inherited) @executable_path/Frameworks @loader_path/Frameworks";
				PRODUCT_NAME = "$(TARGET_NAME)";
				TEST_HOST = "$(BUILT_PRODUCTS_DIR)/CoreBluetoothBasicScanner.app/CoreBluetoothBasicScanner";
			};
			name = Debug;
		};
		6CBFBF1F1AAA036E000332B0 /* Release */ = {
			isa = XCBuildConfiguration;
			buildSettings = {
				BUNDLE_LOADER = "$(TEST_HOST)";
				FRAMEWORK_SEARCH_PATHS = (
					"$(SDKROOT)/Developer/Library/Frameworks",
					"$(inherited)",
				);
				INFOPLIST_FILE = CoreBluetoothBasicScannerTests/Info.plist;
				LD_RUNPATH_SEARCH_PATHS = "$(inherited) @executable_path/Frameworks @loader_path/Frameworks";
				PRODUCT_NAME = "$(TARGET_NAME)";
				TEST_HOST = "$(BUILT_PRODUCTS_DIR)/CoreBluetoothBasicScanner.app/CoreBluetoothBasicScanner";
			};
			name = Release;
		};
/* End XCBuildConfiguration section */

/* Begin XCConfigurationList section */
		6CBFBEF61AAA036E000332B0 /* Build configuration list for PBXProject "CoreBluetoothBasicScanner" */ = {
			isa = XCConfigurationList;
			buildConfigurations = (
				6CBFBF181AAA036E000332B0 /* Debug */,
				6CBFBF191AAA036E000332B0 /* Release */,
			);
			defaultConfigurationIsVisible = 0;
			defaultConfigurationName = Release;
		};
		6CBFBF1A1AAA036E000332B0 /* Build configuration list for PBXNativeTarget "CoreBluetoothBasicScanner" */ = {
			isa = XCConfigurationList;
			buildConfigurations = (
				6CBFBF1B1AAA036E000332B0 /* Debug */,
				6CBFBF1C1AAA036E000332B0 /* Release */,
			);
			defaultConfigurationIsVisible = 0;
		};
		6CBFBF1D1AAA036E000332B0 /* Build configuration list for PBXNativeTarget "CoreBluetoothBasicScannerTests" */ = {
			isa = XCConfigurationList;
			buildConfigurations = (
				6CBFBF1E1AAA036E000332B0 /* Debug */,
				6CBFBF1F1AAA036E000332B0 /* Release */,
			);
			defaultConfigurationIsVisible = 0;
		};
/* End XCConfigurationList section */
	};
	rootObject = 6CBFBEF31AAA036E000332B0 /* Project object */;
}
